
Microsoft Visual Studio Solution File, Format Version 12.00
# Visual Studio Version 17
VisualStudioVersion = 17.11.35327.3
MinimumVisualStudioVersion = 10.0.40219.1
Project("{FAE04EC0-301F-11D3-BF4B-00C04F79EFBC}") = "SuperMarket", "SuperMarket\SuperMarket.csproj", "{509BF070-150A-4DA6-8AC6-28E590D4166E}"
EndProject
Global
	GlobalSection(SolutionConfigurationPlatforms) = preSolution
		Debug|Any CPU = Debug|Any CPU
		Release|Any CPU = Release|Any CPU
	EndGlobalSection
	GlobalSection(ProjectConfigurationPlatforms) = postSolution
		{509BF070-150A-4DA6-8AC6-28E590D4166E}.Debug|Any CPU.ActiveCfg = Debug|Any CPU
		{509BF070-150A-4DA6-8AC6-28E590D4166E}.Debug|Any CPU.Build.0 = Debug|Any CPU
		{509BF070-150A-4DA6-8AC6-28E590D4166E}.Release|Any CPU.ActiveCfg = Release|Any CPU
		{509BF070-150A-4DA6-8AC6-28E590D4166E}.Release|Any CPU.Build.0 = Release|Any CPU
	EndGlobalSection
	GlobalSection(SolutionProperties) = preSolution
		HideSolutionNode = FALSE
	EndGlobalSection
	GlobalSection(ExtensibilityGlobals) = postSolution
		SolutionGuid = {6FDC2037-78C7-43B5-8CC0-A055DBD47DEE}
	EndGlobalSection
EndGlobal
